
Microsoft Visual Studio Solution File, Format Version 12.00
# Visual Studio Version 17
VisualStudioVersion = 17.4.33122.133
MinimumVisualStudioVersion = 10.0.40219.1
Project("{FAE04EC0-301F-11D3-BF4B-00C04F79EFBC}") = "Palitoh", "Palitoh\Palitoh.csproj", "{4742C851-03BF-47FA-B39F-20CEFECF2CDD}"
EndProject
Project("{FAE04EC0-301F-11D3-BF4B-00C04F79EFBC}") = "BLL", "BLL\BLL.csproj", "{16BFBE65-F8E2-4E55-9117-1C85D448451A}"
EndProject
Project("{FAE04EC0-301F-11D3-BF4B-00C04F79EFBC}") = "DAL", "DAL\DAL.csproj", "{37FB4C1C-7C09-476F-8330-E6C9F1E9B066}"
EndProject
Global
	GlobalSection(SolutionConfigurationPlatforms) = preSolution
		Debug|Any CPU = Debug|Any CPU
		Release|Any CPU = Release|Any CPU
	EndGlobalSection
	GlobalSection(ProjectConfigurationPlatforms) = postSolution
		{4742C851-03BF-47FA-B39F-20CEFECF2CDD}.Debug|Any CPU.ActiveCfg = Debug|Any CPU
		{4742C851-03BF-47FA-B39F-20CEFECF2CDD}.Debug|Any CPU.Build.0 = Debug|Any CPU
		{4742C851-03BF-47FA-B39F-20CEFECF2CDD}.Release|Any CPU.ActiveCfg = Release|Any CPU
		{4742C851-03BF-47FA-B39F-20CEFECF2CDD}.Release|Any CPU.Build.0 = Release|Any CPU
		{16BFBE65-F8E2-4E55-9117-1C85D448451A}.Debug|Any CPU.ActiveCfg = Debug|Any CPU
		{16BFBE65-F8E2-4E55-9117-1C85D448451A}.Debug|Any CPU.Build.0 = Debug|Any CPU
		{16BFBE65-F8E2-4E55-9117-1C85D448451A}.Release|Any CPU.ActiveCfg = Release|Any CPU
		{16BFBE65-F8E2-4E55-9117-1C85D448451A}.Release|Any CPU.Build.0 = Release|Any CPU
		{37FB4C1C-7C09-476F-8330-E6C9F1E9B066}.Debug|Any CPU.ActiveCfg = Debug|Any CPU
		{37FB4C1C-7C09-476F-8330-E6C9F1E9B066}.Debug|Any CPU.Build.0 = Debug|Any CPU
		{37FB4C1C-7C09-476F-8330-E6C9F1E9B066}.Release|Any CPU.ActiveCfg = Release|Any CPU
		{37FB4C1C-7C09-476F-8330-E6C9F1E9B066}.Release|Any CPU.Build.0 = Release|Any CPU
	EndGlobalSection
	GlobalSection(SolutionProperties) = preSolution
		HideSolutionNode = FALSE
	EndGlobalSection
	GlobalSection(ExtensibilityGlobals) = postSolution
		SolutionGuid = {144B45B4-5E16-44A3-AABD-4EC6E3F4500F}
	EndGlobalSection
EndGlobal
